{
  "name": "@openmfp/create-portal",
  "version": "1.0.0",
  "lockfileVersion": 3,
  "requires": true,
  "packages": {
    "": {
      "name": "@openmfp/create-portal",
      "version": "1.0.0",
      "license": "Apache-2.0",
      "bin": {
        "create-portal": "src/generate-portal.js"
      },
      "engines": {
        "node": "v25.2.1",
        "npm": "11.6.4"
      }
    }
  }
}
