{
  "name": "@openmfp/create-portal",
  "version": "0.1.89",
  "lockfileVersion": 3,
  "requires": true,
  "packages": {
    "": {
      "name": "@openmfp/create-portal",
      "version": "0.1.89",
      "license": "Apache-2.0",
      "bin": {
        "create-portal": "src/generate-portal.js"
      },
      "engines": {
        "node": "25.9.0",
        "npm": "11.15.0"
      }
    }
  }
}
